
Microsoft Visual Studio Solution File, Format Version 12.00
# Visual Studio Version 16
VisualStudioVersion = 16.0.32413.511
MinimumVisualStudioVersion = 10.0.40219.1
Project("{8BC9CEB8-8B4A-11D0-8D11-00A0C91BC942}") = "Dericalc", "Dericalc.vcxproj", "{16B6452A-CD5C-4E2F-96D7-6972BE9550BA}"
EndProject
Global
	GlobalSection(SolutionConfigurationPlatforms) = preSolution
		Debug|x64 = Debug|x64
		Debug|x86 = Debug|x86
		Release|x64 = Release|x64
		Release|x86 = Release|x86
	EndGlobalSection
	GlobalSection(ProjectConfigurationPlatforms) = postSolution
		{16B6452A-CD5C-4E2F-96D7-6972BE9550BA}.Debug|x64.ActiveCfg = Debug|x64
		{16B6452A-CD5C-4E2F-96D7-6972BE9550BA}.Debug|x64.Build.0 = Debug|x64
		{16B6452A-CD5C-4E2F-96D7-6972BE9550BA}.Debug|x86.ActiveCfg = Debug|Win32
		{16B6452A-CD5C-4E2F-96D7-6972BE9550BA}.Debug|x86.Build.0 = Debug|Win32
		{16B6452A-CD5C-4E2F-96D7-6972BE9550BA}.Release|x64.ActiveCfg = Release|x64
		{16B6452A-CD5C-4E2F-96D7-6972BE9550BA}.Release|x64.Build.0 = Release|x64
		{16B6452A-CD5C-4E2F-96D7-6972BE9550BA}.Release|x86.ActiveCfg = Release|Win32
		{16B6452A-CD5C-4E2F-96D7-6972BE9550BA}.Release|x86.Build.0 = Release|Win32
	EndGlobalSection
	GlobalSection(SolutionProperties) = preSolution
		HideSolutionNode = FALSE
	EndGlobalSection
	GlobalSection(ExtensibilityGlobals) = postSolution
		SolutionGuid = {249C2FA4-1316-4AA8-ABC3-D6107ADBCCF2}
	EndGlobalSection
EndGlobal
